
Microsoft Visual Studio Solution File, Format Version 12.00
# Visual Studio Version 17
VisualStudioVersion = 17.1.32210.238
MinimumVisualStudioVersion = 10.0.40219.1
Project("{FAE04EC0-301F-11D3-BF4B-00C04F79EFBC}") = "telegram", "telegram.csproj", "{59F2D850-C1C3-466D-A7DE-99F1C1D1E287}"
EndProject
Global
	GlobalSection(SolutionConfigurationPlatforms) = preSolution
		Debug|Any CPU = Debug|Any CPU
		Release|Any CPU = Release|Any CPU
	EndGlobalSection
	GlobalSection(ProjectConfigurationPlatforms) = postSolution
		{59F2D850-C1C3-466D-A7DE-99F1C1D1E287}.Debug|Any CPU.ActiveCfg = Debug|Any CPU
		{59F2D850-C1C3-466D-A7DE-99F1C1D1E287}.Debug|Any CPU.Build.0 = Debug|Any CPU
		{59F2D850-C1C3-466D-A7DE-99F1C1D1E287}.Release|Any CPU.ActiveCfg = Release|Any CPU
		{59F2D850-C1C3-466D-A7DE-99F1C1D1E287}.Release|Any CPU.Build.0 = Release|Any CPU
	EndGlobalSection
	GlobalSection(SolutionProperties) = preSolution
		HideSolutionNode = FALSE
	EndGlobalSection
	GlobalSection(ExtensibilityGlobals) = postSolution
		SolutionGuid = {7EBD9C1F-1157-4210-B5FD-F4F46C3DFC0D}
	EndGlobalSection
EndGlobal
